
Microsoft Visual Studio Solution File, Format Version 12.00
# Visual Studio Version 16
VisualStudioVersion = 16.0.31005.135
MinimumVisualStudioVersion = 10.0.40219.1
Project("{9A19103F-16F7-4668-BE54-9A1E7A4F7556}") = "Market Values (Logical)", "Market Values (Logical)\Market Values (Logical).csproj", "{6563D9B5-D978-40B4-A411-BB52680A1CC5}"
EndProject
Project("{9A19103F-16F7-4668-BE54-9A1E7A4F7556}") = "Friend Number (Loop)", "Friend Number (Loop)\Friend Number (Loop).csproj", "{F3425D39-ABA6-49F5-9863-0F4A8119649F}"
EndProject
Project("{9A19103F-16F7-4668-BE54-9A1E7A4F7556}") = "E-Commerce System", "E-Commerce System\E-Commerce System.csproj", "{64A0C62C-89D0-498D-99EB-B236DAB201E8}"
EndProject
Project("{9A19103F-16F7-4668-BE54-9A1E7A4F7556}") = "Student List", "Student List\Student List.csproj", "{0CB55126-99F8-4343-AFC9-21FE99FF44C1}"
EndProject
Project("{9A19103F-16F7-4668-BE54-9A1E7A4F7556}") = "Gold Values", "Gold Values\Gold Values.csproj", "{EFB651BD-D0D7-460A-A959-67D6F26D1FD1}"
EndProject
Project("{9A19103F-16F7-4668-BE54-9A1E7A4F7556}") = "Odd and Even Numbers", "Odd and Even Numbers\Odd and Even Numbers.csproj", "{F05D60D8-53DC-471B-A722-87DD07109A5E}"
EndProject
Project("{9A19103F-16F7-4668-BE54-9A1E7A4F7556}") = "Rent A Car System", "Rent A Car System\Rent A Car System.csproj", "{50392FAA-3FA2-4237-B9CC-A9FDB2E52AE4}"
EndProject
Project("{9A19103F-16F7-4668-BE54-9A1E7A4F7556}") = "Classes (Student List and Information)", "Classes (Student List and Information)\Classes (Student List and Information).csproj", "{45DE5446-FD94-47C9-AC70-DD2F5B3995B9}"
EndProject
Project("{9A19103F-16F7-4668-BE54-9A1E7A4F7556}") = "Methods", "Methods\Methods.csproj", "{D4514246-4F65-4257-AD79-1B49161DE794}"
EndProject
Project("{9A19103F-16F7-4668-BE54-9A1E7A4F7556}") = "Customers (Working with Classes)", "Customers (Working with Classes)\Customers (Working with Classes).csproj", "{EE9D1B0A-158E-4802-A2C4-501BDF28BBB9}"
EndProject
Project("{9A19103F-16F7-4668-BE54-9A1E7A4F7556}") = "Veterinary", "Veterinary\Veterinary.csproj", "{C09A940E-309B-4D79-B8BE-20BC47CB98FF}"
EndProject
Project("{FAE04EC0-301F-11D3-BF4B-00C04F79EFBC}") = "OOP - Inheritance", "OOP - Inheritance\OOP - Inheritance.csproj", "{55A2AC25-565F-4F9B-A2C9-44B7AB0C724D}"
EndProject
Project("{FAE04EC0-301F-11D3-BF4B-00C04F79EFBC}") = "OOP - Properties", "OOP - Properties\OOP - Properties.csproj", "{148919AB-F96B-4C09-8F60-E078F67E404F}"
EndProject
Global
	GlobalSection(SolutionConfigurationPlatforms) = preSolution
		Debug|Any CPU = Debug|Any CPU
		Release|Any CPU = Release|Any CPU
	EndGlobalSection
	GlobalSection(ProjectConfigurationPlatforms) = postSolution
		{6563D9B5-D978-40B4-A411-BB52680A1CC5}.Debug|Any CPU.ActiveCfg = Debug|Any CPU
		{6563D9B5-D978-40B4-A411-BB52680A1CC5}.Debug|Any CPU.Build.0 = Debug|Any CPU
		{6563D9B5-D978-40B4-A411-BB52680A1CC5}.Release|Any CPU.ActiveCfg = Release|Any CPU
		{6563D9B5-D978-40B4-A411-BB52680A1CC5}.Release|Any CPU.Build.0 = Release|Any CPU
		{F3425D39-ABA6-49F5-9863-0F4A8119649F}.Debug|Any CPU.ActiveCfg = Debug|Any CPU
		{F3425D39-ABA6-49F5-9863-0F4A8119649F}.Debug|Any CPU.Build.0 = Debug|Any CPU
		{F3425D39-ABA6-49F5-9863-0F4A8119649F}.Release|Any CPU.ActiveCfg = Release|Any CPU
		{F3425D39-ABA6-49F5-9863-0F4A8119649F}.Release|Any CPU.Build.0 = Release|Any CPU
		{64A0C62C-89D0-498D-99EB-B236DAB201E8}.Debug|Any CPU.ActiveCfg = Debug|Any CPU
		{64A0C62C-89D0-498D-99EB-B236DAB201E8}.Debug|Any CPU.Build.0 = Debug|Any CPU
		{64A0C62C-89D0-498D-99EB-B236DAB201E8}.Release|Any CPU.ActiveCfg = Release|Any CPU
		{64A0C62C-89D0-498D-99EB-B236DAB201E8}.Release|Any CPU.Build.0 = Release|Any CPU
		{0CB55126-99F8-4343-AFC9-21FE99FF44C1}.Debug|Any CPU.ActiveCfg = Debug|Any CPU
		{0CB55126-99F8-4343-AFC9-21FE99FF44C1}.Debug|Any CPU.Build.0 = Debug|Any CPU
		{0CB55126-99F8-4343-AFC9-21FE99FF44C1}.Release|Any CPU.ActiveCfg = Release|Any CPU
		{0CB55126-99F8-4343-AFC9-21FE99FF44C1}.Release|Any CPU.Build.0 = Release|Any CPU
		{EFB651BD-D0D7-460A-A959-67D6F26D1FD1}.Debug|Any CPU.ActiveCfg = Debug|Any CPU
		{EFB651BD-D0D7-460A-A959-67D6F26D1FD1}.Debug|Any CPU.Build.0 = Debug|Any CPU
		{EFB651BD-D0D7-460A-A959-67D6F26D1FD1}.Release|Any CPU.ActiveCfg = Release|Any CPU
		{EFB651BD-D0D7-460A-A959-67D6F26D1FD1}.Release|Any CPU.Build.0 = Release|Any CPU
		{F05D60D8-53DC-471B-A722-87DD07109A5E}.Debug|Any CPU.ActiveCfg = Debug|Any CPU
		{F05D60D8-53DC-471B-A722-87DD07109A5E}.Debug|Any CPU.Build.0 = Debug|Any CPU
		{F05D60D8-53DC-471B-A722-87DD07109A5E}.Release|Any CPU.ActiveCfg = Release|Any CPU
		{F05D60D8-53DC-471B-A722-87DD07109A5E}.Release|Any CPU.Build.0 = Release|Any CPU
		{50392FAA-3FA2-4237-B9CC-A9FDB2E52AE4}.Debug|Any CPU.ActiveCfg = Debug|Any CPU
		{50392FAA-3FA2-4237-B9CC-A9FDB2E52AE4}.Debug|Any CPU.Build.0 = Debug|Any CPU
		{50392FAA-3FA2-4237-B9CC-A9FDB2E52AE4}.Release|Any CPU.ActiveCfg = Release|Any CPU
		{50392FAA-3FA2-4237-B9CC-A9FDB2E52AE4}.Release|Any CPU.Build.0 = Release|Any CPU
		{45DE5446-FD94-47C9-AC70-DD2F5B3995B9}.Debug|Any CPU.ActiveCfg = Debug|Any CPU
		{45DE5446-FD94-47C9-AC70-DD2F5B3995B9}.Debug|Any CPU.Build.0 = Debug|Any CPU
		{45DE5446-FD94-47C9-AC70-DD2F5B3995B9}.Release|Any CPU.ActiveCfg = Release|Any CPU
		{45DE5446-FD94-47C9-AC70-DD2F5B3995B9}.Release|Any CPU.Build.0 = Release|Any CPU
		{D4514246-4F65-4257-AD79-1B49161DE794}.Debug|Any CPU.ActiveCfg = Debug|Any CPU
		{D4514246-4F65-4257-AD79-1B49161DE794}.Debug|Any CPU.Build.0 = Debug|Any CPU
		{D4514246-4F65-4257-AD79-1B49161DE794}.Release|Any CPU.ActiveCfg = Release|Any CPU
		{D4514246-4F65-4257-AD79-1B49161DE794}.Release|Any CPU.Build.0 = Release|Any CPU
		{EE9D1B0A-158E-4802-A2C4-501BDF28BBB9}.Debug|Any CPU.ActiveCfg = Debug|Any CPU
		{EE9D1B0A-158E-4802-A2C4-501BDF28BBB9}.Debug|Any CPU.Build.0 = Debug|Any CPU
		{EE9D1B0A-158E-4802-A2C4-501BDF28BBB9}.Release|Any CPU.ActiveCfg = Release|Any CPU
		{EE9D1B0A-158E-4802-A2C4-501BDF28BBB9}.Release|Any CPU.Build.0 = Release|Any CPU
		{C09A940E-309B-4D79-B8BE-20BC47CB98FF}.Debug|Any CPU.ActiveCfg = Debug|Any CPU
		{C09A940E-309B-4D79-B8BE-20BC47CB98FF}.Debug|Any CPU.Build.0 = Debug|Any CPU
		{C09A940E-309B-4D79-B8BE-20BC47CB98FF}.Release|Any CPU.ActiveCfg = Release|Any CPU
		{C09A940E-309B-4D79-B8BE-20BC47CB98FF}.Release|Any CPU.Build.0 = Release|Any CPU
		{55A2AC25-565F-4F9B-A2C9-44B7AB0C724D}.Debug|Any CPU.ActiveCfg = Debug|Any CPU
		{55A2AC25-565F-4F9B-A2C9-44B7AB0C724D}.Debug|Any CPU.Build.0 = Debug|Any CPU
		{55A2AC25-565F-4F9B-A2C9-44B7AB0C724D}.Release|Any CPU.ActiveCfg = Release|Any CPU
		{55A2AC25-565F-4F9B-A2C9-44B7AB0C724D}.Release|Any CPU.Build.0 = Release|Any CPU
		{148919AB-F96B-4C09-8F60-E078F67E404F}.Debug|Any CPU.ActiveCfg = Debug|Any CPU
		{148919AB-F96B-4C09-8F60-E078F67E404F}.Debug|Any CPU.Build.0 = Debug|Any CPU
		{148919AB-F96B-4C09-8F60-E078F67E404F}.Release|Any CPU.ActiveCfg = Release|Any CPU
		{148919AB-F96B-4C09-8F60-E078F67E404F}.Release|Any CPU.Build.0 = Release|Any CPU
	EndGlobalSection
	GlobalSection(SolutionProperties) = preSolution
		HideSolutionNode = FALSE
	EndGlobalSection
	GlobalSection(ExtensibilityGlobals) = postSolution
		SolutionGuid = {661931C3-E08C-4E14-9122-49E324956DF4}
	EndGlobalSection
EndGlobal
