
Microsoft Visual Studio Solution File, Format Version 12.00
# Visual Studio Version 16
VisualStudioVersion = 16.0.31005.135
MinimumVisualStudioVersion = 10.0.40219.1
Project("{9A19103F-16F7-4668-BE54-9A1E7A4F7556}") = "Market Values (Logical)", "Market Values (Logical)\Market Values (Logical).csproj", "{6563D9B5-D978-40B4-A411-BB52680A1CC5}"
EndProject
Project("{9A19103F-16F7-4668-BE54-9A1E7A4F7556}") = "Friend Number (Loop)", "Friend Number (Loop)\Friend Number (Loop).csproj", "{F3425D39-ABA6-49F5-9863-0F4A8119649F}"
EndProject
Project("{9A19103F-16F7-4668-BE54-9A1E7A4F7556}") = "E-Commerce System", "E-Commerce System\E-Commerce System.csproj", "{64A0C62C-89D0-498D-99EB-B236DAB201E8}"
EndProject
Project("{9A19103F-16F7-4668-BE54-9A1E7A4F7556}") = "Student List", "Student List\Student List.csproj", "{0CB55126-99F8-4343-AFC9-21FE99FF44C1}"
EndProject
Project("{9A19103F-16F7-4668-BE54-9A1E7A4F7556}") = "Gold Values", "Gold Values\Gold Values.csproj", "{EFB651BD-D0D7-460A-A959-67D6F26D1FD1}"
EndProject
Project("{9A19103F-16F7-4668-BE54-9A1E7A4F7556}") = "Odd and Even Numbers", "Odd and Even Numbers\Odd and Even Numbers.csproj", "{F05D60D8-53DC-471B-A722-87DD07109A5E}"
EndProject
Project("{9A19103F-16F7-4668-BE54-9A1E7A4F7556}") = "Rent A Car System", "Rent A Car System\Rent A Car System.csproj", "{50392FAA-3FA2-4237-B9CC-A9FDB2E52AE4}"
EndProject
Project("{9A19103F-16F7-4668-BE54-9A1E7A4F7556}") = "Classes (Student List and Information)", "Classes (Student List and Information)\Classes (Student List and Information).csproj", "{45DE5446-FD94-47C9-AC70-DD2F5B3995B9}"
EndProject
Project("{9A19103F-16F7-4668-BE54-9A1E7A4F7556}") = "Methods", "Methods\Methods.csproj", "{D4514246-4F65-4257-AD79-1B49161DE794}"
EndProject
Project("{9A19103F-16F7-4668-BE54-9A1E7A4F7556}") = "Customers (Working with Classes)", "Customers (Working with Classes)\Customers (Working with Classes).csproj", "{EE9D1B0A-158E-4802-A2C4-501BDF28BBB9}"
EndProject
Project("{9A19103F-16F7-4668-BE54-9A1E7A4F7556}") = "Veterinary", "Veterinary\Veterinary.csproj", "{C09A940E-309B-4D79-B8BE-20BC47CB98FF}"
EndProject
Project("{9A19103F-16F7-4668-BE54-9A1E7A4F7556}") = "OOP - Inheritance", "OOP - Inheritance\OOP - Inheritance.csproj", "{55A2AC25-565F-4F9B-A2C9-44B7AB0C724D}"
EndProject
Project("{9A19103F-16F7-4668-BE54-9A1E7A4F7556}") = "OOP - Properties", "OOP - Properties\OOP - Properties.csproj", "{148919AB-F96B-4C09-8F60-E078F67E404F}"
EndProject
Project("{9A19103F-16F7-4668-BE54-9A1E7A4F7556}") = "OOP - Interfaces", "OOP - Interfaces\OOP - Interfaces.csproj", "{C66EB9E3-AAE3-46AA-BBE8-28F60462B859}"
EndProject
Project("{9A19103F-16F7-4668-BE54-9A1E7A4F7556}") = "Project4.DataAccess", "Project4.DataAccess\Project4.DataAccess.csproj", "{D2077BDD-49AE-47B7-90FD-C540654B32C2}"
EndProject
Project("{9A19103F-16F7-4668-BE54-9A1E7A4F7556}") = "Project4.Business", "Project4.Business\Project4.Business.csproj", "{55D908EC-D831-46DF-B756-28A0B575CF8C}"
EndProject
Project("{9A19103F-16F7-4668-BE54-9A1E7A4F7556}") = "Project4.ConsoleUI", "Project4.ConsoleUI\Project4.ConsoleUI.csproj", "{7F573BC0-584E-4557-BC1F-55A02C41C1BA}"
EndProject
Project("{9A19103F-16F7-4668-BE54-9A1E7A4F7556}") = "Project4.Entities", "Project4.Entities\Project4.Entities.csproj", "{57EDDBB7-5172-4F2F-90F9-1546723E1F78}"
EndProject
Project("{9A19103F-16F7-4668-BE54-9A1E7A4F7556}") = "Project5.DataAccess", "Project5.DataAccess\Project5.DataAccess.csproj", "{040049D2-658C-4E13-B96E-200336CE625A}"
EndProject
Project("{9A19103F-16F7-4668-BE54-9A1E7A4F7556}") = "Project5.Business", "Project5.Business\Project5.Business.csproj", "{65F4C979-342D-4702-85A6-F7E1E522B8AF}"
EndProject
Project("{9A19103F-16F7-4668-BE54-9A1E7A4F7556}") = "Project5.ConsoleUI", "Project5.ConsoleUI\Project5.ConsoleUI.csproj", "{0C907EE0-EDBB-41D1-8E41-D1EF1A0D352E}"
EndProject
Project("{9A19103F-16F7-4668-BE54-9A1E7A4F7556}") = "Project5.Entities", "Project5.Entities\Project5.Entities.csproj", "{BF3D8EAD-FB95-4EFF-B793-A965E9C78937}"
EndProject
Project("{9A19103F-16F7-4668-BE54-9A1E7A4F7556}") = "Mphones.DataAccess", "Mphones.DataAccess\Mphones.DataAccess.csproj", "{27A806B8-EC0C-4E46-BB21-CC93193FD47C}"
EndProject
Project("{9A19103F-16F7-4668-BE54-9A1E7A4F7556}") = "Mphones.Business", "Mphones.Business\Mphones.Business.csproj", "{A8DA8226-84A3-4716-91D4-FCA17216055D}"
EndProject
Project("{9A19103F-16F7-4668-BE54-9A1E7A4F7556}") = "Mphones.ConsoleUI", "Mphones.ConsoleUI\Mphones.ConsoleUI.csproj", "{C3A1E189-B2AE-4036-BCE4-B54ADBAABF5E}"
EndProject
Project("{9A19103F-16F7-4668-BE54-9A1E7A4F7556}") = "Mphones.Entities", "Mphones.Entities\Mphones.Entities.csproj", "{D1AFE1E4-2844-4B2C-88CC-073F0FC2E167}"
EndProject
Project("{9A19103F-16F7-4668-BE54-9A1E7A4F7556}") = "Gamer.DataAccess", "Gamer.DataAccess\Gamer.DataAccess.csproj", "{30826345-7663-49B1-BFFB-7B3F698E0D08}"
EndProject
Project("{9A19103F-16F7-4668-BE54-9A1E7A4F7556}") = "Gamer.Business", "Gamer.Business\Gamer.Business.csproj", "{3032EC29-8857-4DFC-B424-2465F6A69074}"
EndProject
Project("{9A19103F-16F7-4668-BE54-9A1E7A4F7556}") = "Gamer.ConsoleUI", "Gamer.ConsoleUI\Gamer.ConsoleUI.csproj", "{3D7E45AA-DC38-4149-A36B-A39A9DC483E8}"
EndProject
Project("{9A19103F-16F7-4668-BE54-9A1E7A4F7556}") = "Gamer.Entities", "Gamer.Entities\Gamer.Entities.csproj", "{6EBAC4E6-AC85-44A6-88F9-15229B755E17}"
EndProject
Project("{9A19103F-16F7-4668-BE54-9A1E7A4F7556}") = "Generics", "Generics\Generics.csproj", "{25F41C3C-2982-4C66-9E70-E96CE2A01D9B}"
EndProject
Project("{9A19103F-16F7-4668-BE54-9A1E7A4F7556}") = "Repository.DataAccess", "Repository.DataAccess\Repository.DataAccess.csproj", "{116FB0C5-408D-42D8-BCDD-0DB6801A29B4}"
EndProject
Project("{9A19103F-16F7-4668-BE54-9A1E7A4F7556}") = "Repository.Business", "Repository.Business\Repository.Business.csproj", "{FC3889CF-289A-4BDD-8DC4-3715D3420F17}"
EndProject
Project("{9A19103F-16F7-4668-BE54-9A1E7A4F7556}") = "Repository.ConsoleUI", "Repository.ConsoleUI\Repository.ConsoleUI.csproj", "{7F5322DC-39C1-41A0-8E86-8EACCC9951B0}"
EndProject
Project("{9A19103F-16F7-4668-BE54-9A1E7A4F7556}") = "Repository.Entities", "Repository.Entities\Repository.Entities.csproj", "{DF5B3423-B764-4911-A4D7-D86681299265}"
EndProject
Project("{9A19103F-16F7-4668-BE54-9A1E7A4F7556}") = "Exception Handling", "Exception Handling\Exception Handling.csproj", "{F320C5AF-7B1A-40E2-970D-DB00B86D5ADA}"
EndProject
Project("{9A19103F-16F7-4668-BE54-9A1E7A4F7556}") = "Linq", "Linq\Linq.csproj", "{555FFFF8-8DDD-42DA-8C57-5112B50A558C}"
EndProject
Project("{9A19103F-16F7-4668-BE54-9A1E7A4F7556}") = "Linq (Join and DTO)", "Linq (Join and DTO)\Linq (Join and DTO).csproj", "{F48EA2A4-BB94-4A28-8456-4C6B9479D61C}"
EndProject
Project("{9A19103F-16F7-4668-BE54-9A1E7A4F7556}") = "EntityFrameworkDemo", "EntityFrameworkDemo\EntityFrameworkDemo.csproj", "{5BF754EF-942E-4E44-828F-22DB2DA8A546}"
EndProject
Project("{9A19103F-16F7-4668-BE54-9A1E7A4F7556}") = "EntityFramework.DataAccess", "EntityFramework.DataAccess\EntityFramework.DataAccess.csproj", "{6C2F26E4-DDC2-45FB-B6F1-6FAB8E614B63}"
EndProject
Project("{9A19103F-16F7-4668-BE54-9A1E7A4F7556}") = "EntityFramework.Business", "EntityFramework.Business\EntityFramework.Business.csproj", "{B2DCA684-59BA-4211-96F0-12CB534A540C}"
EndProject
Project("{9A19103F-16F7-4668-BE54-9A1E7A4F7556}") = "EntityFramework.Entities", "EntityFramework.Entities\EntityFramework.Entities.csproj", "{B018BB34-7199-4978-9F55-A6B3C521B98B}"
EndProject
Project("{9A19103F-16F7-4668-BE54-9A1E7A4F7556}") = "EntityFramework.ConsoleUI", "EntityFramework.ConsoleUI\EntityFramework.ConsoleUI.csproj", "{772E109E-2726-4589-B96D-5DCFE8663A6E}"
EndProject
Project("{FAE04EC0-301F-11D3-BF4B-00C04F79EFBC}") = "CustomMapping.DataAccess", "CustomMapping.DataAccess\CustomMapping.DataAccess.csproj", "{87DAE670-7CB9-476E-A75B-70874093EBBE}"
EndProject
Project("{FAE04EC0-301F-11D3-BF4B-00C04F79EFBC}") = "CustomMapping.Business", "CustomMapping.Business\CustomMapping.Business.csproj", "{2EE8BC26-B7D7-4E1E-9559-212ECFD0A430}"
EndProject
Project("{FAE04EC0-301F-11D3-BF4B-00C04F79EFBC}") = "CustomMapping.Entities", "CustomMapping.Entities\CustomMapping.Entities.csproj", "{3DD20767-08D3-4153-ADC1-E6BEB09D157D}"
EndProject
Project("{FAE04EC0-301F-11D3-BF4B-00C04F79EFBC}") = "CustomMapping.ConsoleUI", "CustomMapping.ConsoleUI\CustomMapping.ConsoleUI.csproj", "{B3851AE0-D8AA-4F82-A067-C27AE10C8818}"
EndProject
Global
	GlobalSection(SolutionConfigurationPlatforms) = preSolution
		Debug|Any CPU = Debug|Any CPU
		Release|Any CPU = Release|Any CPU
	EndGlobalSection
	GlobalSection(ProjectConfigurationPlatforms) = postSolution
		{6563D9B5-D978-40B4-A411-BB52680A1CC5}.Debug|Any CPU.ActiveCfg = Debug|Any CPU
		{6563D9B5-D978-40B4-A411-BB52680A1CC5}.Debug|Any CPU.Build.0 = Debug|Any CPU
		{6563D9B5-D978-40B4-A411-BB52680A1CC5}.Release|Any CPU.ActiveCfg = Release|Any CPU
		{6563D9B5-D978-40B4-A411-BB52680A1CC5}.Release|Any CPU.Build.0 = Release|Any CPU
		{F3425D39-ABA6-49F5-9863-0F4A8119649F}.Debug|Any CPU.ActiveCfg = Debug|Any CPU
		{F3425D39-ABA6-49F5-9863-0F4A8119649F}.Debug|Any CPU.Build.0 = Debug|Any CPU
		{F3425D39-ABA6-49F5-9863-0F4A8119649F}.Release|Any CPU.ActiveCfg = Release|Any CPU
		{F3425D39-ABA6-49F5-9863-0F4A8119649F}.Release|Any CPU.Build.0 = Release|Any CPU
		{64A0C62C-89D0-498D-99EB-B236DAB201E8}.Debug|Any CPU.ActiveCfg = Debug|Any CPU
		{64A0C62C-89D0-498D-99EB-B236DAB201E8}.Debug|Any CPU.Build.0 = Debug|Any CPU
		{64A0C62C-89D0-498D-99EB-B236DAB201E8}.Release|Any CPU.ActiveCfg = Release|Any CPU
		{64A0C62C-89D0-498D-99EB-B236DAB201E8}.Release|Any CPU.Build.0 = Release|Any CPU
		{0CB55126-99F8-4343-AFC9-21FE99FF44C1}.Debug|Any CPU.ActiveCfg = Debug|Any CPU
		{0CB55126-99F8-4343-AFC9-21FE99FF44C1}.Debug|Any CPU.Build.0 = Debug|Any CPU
		{0CB55126-99F8-4343-AFC9-21FE99FF44C1}.Release|Any CPU.ActiveCfg = Release|Any CPU
		{0CB55126-99F8-4343-AFC9-21FE99FF44C1}.Release|Any CPU.Build.0 = Release|Any CPU
		{EFB651BD-D0D7-460A-A959-67D6F26D1FD1}.Debug|Any CPU.ActiveCfg = Debug|Any CPU
		{EFB651BD-D0D7-460A-A959-67D6F26D1FD1}.Debug|Any CPU.Build.0 = Debug|Any CPU
		{EFB651BD-D0D7-460A-A959-67D6F26D1FD1}.Release|Any CPU.ActiveCfg = Release|Any CPU
		{EFB651BD-D0D7-460A-A959-67D6F26D1FD1}.Release|Any CPU.Build.0 = Release|Any CPU
		{F05D60D8-53DC-471B-A722-87DD07109A5E}.Debug|Any CPU.ActiveCfg = Debug|Any CPU
		{F05D60D8-53DC-471B-A722-87DD07109A5E}.Debug|Any CPU.Build.0 = Debug|Any CPU
		{F05D60D8-53DC-471B-A722-87DD07109A5E}.Release|Any CPU.ActiveCfg = Release|Any CPU
		{F05D60D8-53DC-471B-A722-87DD07109A5E}.Release|Any CPU.Build.0 = Release|Any CPU
		{50392FAA-3FA2-4237-B9CC-A9FDB2E52AE4}.Debug|Any CPU.ActiveCfg = Debug|Any CPU
		{50392FAA-3FA2-4237-B9CC-A9FDB2E52AE4}.Debug|Any CPU.Build.0 = Debug|Any CPU
		{50392FAA-3FA2-4237-B9CC-A9FDB2E52AE4}.Release|Any CPU.ActiveCfg = Release|Any CPU
		{50392FAA-3FA2-4237-B9CC-A9FDB2E52AE4}.Release|Any CPU.Build.0 = Release|Any CPU
		{45DE5446-FD94-47C9-AC70-DD2F5B3995B9}.Debug|Any CPU.ActiveCfg = Debug|Any CPU
		{45DE5446-FD94-47C9-AC70-DD2F5B3995B9}.Debug|Any CPU.Build.0 = Debug|Any CPU
		{45DE5446-FD94-47C9-AC70-DD2F5B3995B9}.Release|Any CPU.ActiveCfg = Release|Any CPU
		{45DE5446-FD94-47C9-AC70-DD2F5B3995B9}.Release|Any CPU.Build.0 = Release|Any CPU
		{D4514246-4F65-4257-AD79-1B49161DE794}.Debug|Any CPU.ActiveCfg = Debug|Any CPU
		{D4514246-4F65-4257-AD79-1B49161DE794}.Debug|Any CPU.Build.0 = Debug|Any CPU
		{D4514246-4F65-4257-AD79-1B49161DE794}.Release|Any CPU.ActiveCfg = Release|Any CPU
		{D4514246-4F65-4257-AD79-1B49161DE794}.Release|Any CPU.Build.0 = Release|Any CPU
		{EE9D1B0A-158E-4802-A2C4-501BDF28BBB9}.Debug|Any CPU.ActiveCfg = Debug|Any CPU
		{EE9D1B0A-158E-4802-A2C4-501BDF28BBB9}.Debug|Any CPU.Build.0 = Debug|Any CPU
		{EE9D1B0A-158E-4802-A2C4-501BDF28BBB9}.Release|Any CPU.ActiveCfg = Release|Any CPU
		{EE9D1B0A-158E-4802-A2C4-501BDF28BBB9}.Release|Any CPU.Build.0 = Release|Any CPU
		{C09A940E-309B-4D79-B8BE-20BC47CB98FF}.Debug|Any CPU.ActiveCfg = Debug|Any CPU
		{C09A940E-309B-4D79-B8BE-20BC47CB98FF}.Debug|Any CPU.Build.0 = Debug|Any CPU
		{C09A940E-309B-4D79-B8BE-20BC47CB98FF}.Release|Any CPU.ActiveCfg = Release|Any CPU
		{C09A940E-309B-4D79-B8BE-20BC47CB98FF}.Release|Any CPU.Build.0 = Release|Any CPU
		{55A2AC25-565F-4F9B-A2C9-44B7AB0C724D}.Debug|Any CPU.ActiveCfg = Debug|Any CPU
		{55A2AC25-565F-4F9B-A2C9-44B7AB0C724D}.Debug|Any CPU.Build.0 = Debug|Any CPU
		{55A2AC25-565F-4F9B-A2C9-44B7AB0C724D}.Release|Any CPU.ActiveCfg = Release|Any CPU
		{55A2AC25-565F-4F9B-A2C9-44B7AB0C724D}.Release|Any CPU.Build.0 = Release|Any CPU
		{148919AB-F96B-4C09-8F60-E078F67E404F}.Debug|Any CPU.ActiveCfg = Debug|Any CPU
		{148919AB-F96B-4C09-8F60-E078F67E404F}.Debug|Any CPU.Build.0 = Debug|Any CPU
		{148919AB-F96B-4C09-8F60-E078F67E404F}.Release|Any CPU.ActiveCfg = Release|Any CPU
		{148919AB-F96B-4C09-8F60-E078F67E404F}.Release|Any CPU.Build.0 = Release|Any CPU
		{C66EB9E3-AAE3-46AA-BBE8-28F60462B859}.Debug|Any CPU.ActiveCfg = Debug|Any CPU
		{C66EB9E3-AAE3-46AA-BBE8-28F60462B859}.Debug|Any CPU.Build.0 = Debug|Any CPU
		{C66EB9E3-AAE3-46AA-BBE8-28F60462B859}.Release|Any CPU.ActiveCfg = Release|Any CPU
		{C66EB9E3-AAE3-46AA-BBE8-28F60462B859}.Release|Any CPU.Build.0 = Release|Any CPU
		{D2077BDD-49AE-47B7-90FD-C540654B32C2}.Debug|Any CPU.ActiveCfg = Debug|Any CPU
		{D2077BDD-49AE-47B7-90FD-C540654B32C2}.Debug|Any CPU.Build.0 = Debug|Any CPU
		{D2077BDD-49AE-47B7-90FD-C540654B32C2}.Release|Any CPU.ActiveCfg = Release|Any CPU
		{D2077BDD-49AE-47B7-90FD-C540654B32C2}.Release|Any CPU.Build.0 = Release|Any CPU
		{55D908EC-D831-46DF-B756-28A0B575CF8C}.Debug|Any CPU.ActiveCfg = Debug|Any CPU
		{55D908EC-D831-46DF-B756-28A0B575CF8C}.Debug|Any CPU.Build.0 = Debug|Any CPU
		{55D908EC-D831-46DF-B756-28A0B575CF8C}.Release|Any CPU.ActiveCfg = Release|Any CPU
		{55D908EC-D831-46DF-B756-28A0B575CF8C}.Release|Any CPU.Build.0 = Release|Any CPU
		{7F573BC0-584E-4557-BC1F-55A02C41C1BA}.Debug|Any CPU.ActiveCfg = Debug|Any CPU
		{7F573BC0-584E-4557-BC1F-55A02C41C1BA}.Debug|Any CPU.Build.0 = Debug|Any CPU
		{7F573BC0-584E-4557-BC1F-55A02C41C1BA}.Release|Any CPU.ActiveCfg = Release|Any CPU
		{7F573BC0-584E-4557-BC1F-55A02C41C1BA}.Release|Any CPU.Build.0 = Release|Any CPU
		{57EDDBB7-5172-4F2F-90F9-1546723E1F78}.Debug|Any CPU.ActiveCfg = Debug|Any CPU
		{57EDDBB7-5172-4F2F-90F9-1546723E1F78}.Debug|Any CPU.Build.0 = Debug|Any CPU
		{57EDDBB7-5172-4F2F-90F9-1546723E1F78}.Release|Any CPU.ActiveCfg = Release|Any CPU
		{57EDDBB7-5172-4F2F-90F9-1546723E1F78}.Release|Any CPU.Build.0 = Release|Any CPU
		{040049D2-658C-4E13-B96E-200336CE625A}.Debug|Any CPU.ActiveCfg = Debug|Any CPU
		{040049D2-658C-4E13-B96E-200336CE625A}.Debug|Any CPU.Build.0 = Debug|Any CPU
		{040049D2-658C-4E13-B96E-200336CE625A}.Release|Any CPU.ActiveCfg = Release|Any CPU
		{040049D2-658C-4E13-B96E-200336CE625A}.Release|Any CPU.Build.0 = Release|Any CPU
		{65F4C979-342D-4702-85A6-F7E1E522B8AF}.Debug|Any CPU.ActiveCfg = Debug|Any CPU
		{65F4C979-342D-4702-85A6-F7E1E522B8AF}.Debug|Any CPU.Build.0 = Debug|Any CPU
		{65F4C979-342D-4702-85A6-F7E1E522B8AF}.Release|Any CPU.ActiveCfg = Release|Any CPU
		{65F4C979-342D-4702-85A6-F7E1E522B8AF}.Release|Any CPU.Build.0 = Release|Any CPU
		{0C907EE0-EDBB-41D1-8E41-D1EF1A0D352E}.Debug|Any CPU.ActiveCfg = Debug|Any CPU
		{0C907EE0-EDBB-41D1-8E41-D1EF1A0D352E}.Debug|Any CPU.Build.0 = Debug|Any CPU
		{0C907EE0-EDBB-41D1-8E41-D1EF1A0D352E}.Release|Any CPU.ActiveCfg = Release|Any CPU
		{0C907EE0-EDBB-41D1-8E41-D1EF1A0D352E}.Release|Any CPU.Build.0 = Release|Any CPU
		{BF3D8EAD-FB95-4EFF-B793-A965E9C78937}.Debug|Any CPU.ActiveCfg = Debug|Any CPU
		{BF3D8EAD-FB95-4EFF-B793-A965E9C78937}.Debug|Any CPU.Build.0 = Debug|Any CPU
		{BF3D8EAD-FB95-4EFF-B793-A965E9C78937}.Release|Any CPU.ActiveCfg = Release|Any CPU
		{BF3D8EAD-FB95-4EFF-B793-A965E9C78937}.Release|Any CPU.Build.0 = Release|Any CPU
		{27A806B8-EC0C-4E46-BB21-CC93193FD47C}.Debug|Any CPU.ActiveCfg = Debug|Any CPU
		{27A806B8-EC0C-4E46-BB21-CC93193FD47C}.Debug|Any CPU.Build.0 = Debug|Any CPU
		{27A806B8-EC0C-4E46-BB21-CC93193FD47C}.Release|Any CPU.ActiveCfg = Release|Any CPU
		{27A806B8-EC0C-4E46-BB21-CC93193FD47C}.Release|Any CPU.Build.0 = Release|Any CPU
		{A8DA8226-84A3-4716-91D4-FCA17216055D}.Debug|Any CPU.ActiveCfg = Debug|Any CPU
		{A8DA8226-84A3-4716-91D4-FCA17216055D}.Debug|Any CPU.Build.0 = Debug|Any CPU
		{A8DA8226-84A3-4716-91D4-FCA17216055D}.Release|Any CPU.ActiveCfg = Release|Any CPU
		{A8DA8226-84A3-4716-91D4-FCA17216055D}.Release|Any CPU.Build.0 = Release|Any CPU
		{C3A1E189-B2AE-4036-BCE4-B54ADBAABF5E}.Debug|Any CPU.ActiveCfg = Debug|Any CPU
		{C3A1E189-B2AE-4036-BCE4-B54ADBAABF5E}.Debug|Any CPU.Build.0 = Debug|Any CPU
		{C3A1E189-B2AE-4036-BCE4-B54ADBAABF5E}.Release|Any CPU.ActiveCfg = Release|Any CPU
		{C3A1E189-B2AE-4036-BCE4-B54ADBAABF5E}.Release|Any CPU.Build.0 = Release|Any CPU
		{D1AFE1E4-2844-4B2C-88CC-073F0FC2E167}.Debug|Any CPU.ActiveCfg = Debug|Any CPU
		{D1AFE1E4-2844-4B2C-88CC-073F0FC2E167}.Debug|Any CPU.Build.0 = Debug|Any CPU
		{D1AFE1E4-2844-4B2C-88CC-073F0FC2E167}.Release|Any CPU.ActiveCfg = Release|Any CPU
		{D1AFE1E4-2844-4B2C-88CC-073F0FC2E167}.Release|Any CPU.Build.0 = Release|Any CPU
		{30826345-7663-49B1-BFFB-7B3F698E0D08}.Debug|Any CPU.ActiveCfg = Debug|Any CPU
		{30826345-7663-49B1-BFFB-7B3F698E0D08}.Debug|Any CPU.Build.0 = Debug|Any CPU
		{30826345-7663-49B1-BFFB-7B3F698E0D08}.Release|Any CPU.ActiveCfg = Release|Any CPU
		{30826345-7663-49B1-BFFB-7B3F698E0D08}.Release|Any CPU.Build.0 = Release|Any CPU
		{3032EC29-8857-4DFC-B424-2465F6A69074}.Debug|Any CPU.ActiveCfg = Debug|Any CPU
		{3032EC29-8857-4DFC-B424-2465F6A69074}.Debug|Any CPU.Build.0 = Debug|Any CPU
		{3032EC29-8857-4DFC-B424-2465F6A69074}.Release|Any CPU.ActiveCfg = Release|Any CPU
		{3032EC29-8857-4DFC-B424-2465F6A69074}.Release|Any CPU.Build.0 = Release|Any CPU
		{3D7E45AA-DC38-4149-A36B-A39A9DC483E8}.Debug|Any CPU.ActiveCfg = Debug|Any CPU
		{3D7E45AA-DC38-4149-A36B-A39A9DC483E8}.Debug|Any CPU.Build.0 = Debug|Any CPU
		{3D7E45AA-DC38-4149-A36B-A39A9DC483E8}.Release|Any CPU.ActiveCfg = Release|Any CPU
		{3D7E45AA-DC38-4149-A36B-A39A9DC483E8}.Release|Any CPU.Build.0 = Release|Any CPU
		{6EBAC4E6-AC85-44A6-88F9-15229B755E17}.Debug|Any CPU.ActiveCfg = Debug|Any CPU
		{6EBAC4E6-AC85-44A6-88F9-15229B755E17}.Debug|Any CPU.Build.0 = Debug|Any CPU
		{6EBAC4E6-AC85-44A6-88F9-15229B755E17}.Release|Any CPU.ActiveCfg = Release|Any CPU
		{6EBAC4E6-AC85-44A6-88F9-15229B755E17}.Release|Any CPU.Build.0 = Release|Any CPU
		{25F41C3C-2982-4C66-9E70-E96CE2A01D9B}.Debug|Any CPU.ActiveCfg = Debug|Any CPU
		{25F41C3C-2982-4C66-9E70-E96CE2A01D9B}.Debug|Any CPU.Build.0 = Debug|Any CPU
		{25F41C3C-2982-4C66-9E70-E96CE2A01D9B}.Release|Any CPU.ActiveCfg = Release|Any CPU
		{25F41C3C-2982-4C66-9E70-E96CE2A01D9B}.Release|Any CPU.Build.0 = Release|Any CPU
		{116FB0C5-408D-42D8-BCDD-0DB6801A29B4}.Debug|Any CPU.ActiveCfg = Debug|Any CPU
		{116FB0C5-408D-42D8-BCDD-0DB6801A29B4}.Debug|Any CPU.Build.0 = Debug|Any CPU
		{116FB0C5-408D-42D8-BCDD-0DB6801A29B4}.Release|Any CPU.ActiveCfg = Release|Any CPU
		{116FB0C5-408D-42D8-BCDD-0DB6801A29B4}.Release|Any CPU.Build.0 = Release|Any CPU
		{FC3889CF-289A-4BDD-8DC4-3715D3420F17}.Debug|Any CPU.ActiveCfg = Debug|Any CPU
		{FC3889CF-289A-4BDD-8DC4-3715D3420F17}.Debug|Any CPU.Build.0 = Debug|Any CPU
		{FC3889CF-289A-4BDD-8DC4-3715D3420F17}.Release|Any CPU.ActiveCfg = Release|Any CPU
		{FC3889CF-289A-4BDD-8DC4-3715D3420F17}.Release|Any CPU.Build.0 = Release|Any CPU
		{7F5322DC-39C1-41A0-8E86-8EACCC9951B0}.Debug|Any CPU.ActiveCfg = Debug|Any CPU
		{7F5322DC-39C1-41A0-8E86-8EACCC9951B0}.Debug|Any CPU.Build.0 = Debug|Any CPU
		{7F5322DC-39C1-41A0-8E86-8EACCC9951B0}.Release|Any CPU.ActiveCfg = Release|Any CPU
		{7F5322DC-39C1-41A0-8E86-8EACCC9951B0}.Release|Any CPU.Build.0 = Release|Any CPU
		{DF5B3423-B764-4911-A4D7-D86681299265}.Debug|Any CPU.ActiveCfg = Debug|Any CPU
		{DF5B3423-B764-4911-A4D7-D86681299265}.Debug|Any CPU.Build.0 = Debug|Any CPU
		{DF5B3423-B764-4911-A4D7-D86681299265}.Release|Any CPU.ActiveCfg = Release|Any CPU
		{DF5B3423-B764-4911-A4D7-D86681299265}.Release|Any CPU.Build.0 = Release|Any CPU
		{F320C5AF-7B1A-40E2-970D-DB00B86D5ADA}.Debug|Any CPU.ActiveCfg = Debug|Any CPU
		{F320C5AF-7B1A-40E2-970D-DB00B86D5ADA}.Debug|Any CPU.Build.0 = Debug|Any CPU
		{F320C5AF-7B1A-40E2-970D-DB00B86D5ADA}.Release|Any CPU.ActiveCfg = Release|Any CPU
		{F320C5AF-7B1A-40E2-970D-DB00B86D5ADA}.Release|Any CPU.Build.0 = Release|Any CPU
		{555FFFF8-8DDD-42DA-8C57-5112B50A558C}.Debug|Any CPU.ActiveCfg = Debug|Any CPU
		{555FFFF8-8DDD-42DA-8C57-5112B50A558C}.Debug|Any CPU.Build.0 = Debug|Any CPU
		{555FFFF8-8DDD-42DA-8C57-5112B50A558C}.Release|Any CPU.ActiveCfg = Release|Any CPU
		{555FFFF8-8DDD-42DA-8C57-5112B50A558C}.Release|Any CPU.Build.0 = Release|Any CPU
		{F48EA2A4-BB94-4A28-8456-4C6B9479D61C}.Debug|Any CPU.ActiveCfg = Debug|Any CPU
		{F48EA2A4-BB94-4A28-8456-4C6B9479D61C}.Debug|Any CPU.Build.0 = Debug|Any CPU
		{F48EA2A4-BB94-4A28-8456-4C6B9479D61C}.Release|Any CPU.ActiveCfg = Release|Any CPU
		{F48EA2A4-BB94-4A28-8456-4C6B9479D61C}.Release|Any CPU.Build.0 = Release|Any CPU
		{5BF754EF-942E-4E44-828F-22DB2DA8A546}.Debug|Any CPU.ActiveCfg = Debug|Any CPU
		{5BF754EF-942E-4E44-828F-22DB2DA8A546}.Debug|Any CPU.Build.0 = Debug|Any CPU
		{5BF754EF-942E-4E44-828F-22DB2DA8A546}.Release|Any CPU.ActiveCfg = Release|Any CPU
		{5BF754EF-942E-4E44-828F-22DB2DA8A546}.Release|Any CPU.Build.0 = Release|Any CPU
		{6C2F26E4-DDC2-45FB-B6F1-6FAB8E614B63}.Debug|Any CPU.ActiveCfg = Debug|Any CPU
		{6C2F26E4-DDC2-45FB-B6F1-6FAB8E614B63}.Debug|Any CPU.Build.0 = Debug|Any CPU
		{6C2F26E4-DDC2-45FB-B6F1-6FAB8E614B63}.Release|Any CPU.ActiveCfg = Release|Any CPU
		{6C2F26E4-DDC2-45FB-B6F1-6FAB8E614B63}.Release|Any CPU.Build.0 = Release|Any CPU
		{B2DCA684-59BA-4211-96F0-12CB534A540C}.Debug|Any CPU.ActiveCfg = Debug|Any CPU
		{B2DCA684-59BA-4211-96F0-12CB534A540C}.Debug|Any CPU.Build.0 = Debug|Any CPU
		{B2DCA684-59BA-4211-96F0-12CB534A540C}.Release|Any CPU.ActiveCfg = Release|Any CPU
		{B2DCA684-59BA-4211-96F0-12CB534A540C}.Release|Any CPU.Build.0 = Release|Any CPU
		{B018BB34-7199-4978-9F55-A6B3C521B98B}.Debug|Any CPU.ActiveCfg = Debug|Any CPU
		{B018BB34-7199-4978-9F55-A6B3C521B98B}.Debug|Any CPU.Build.0 = Debug|Any CPU
		{B018BB34-7199-4978-9F55-A6B3C521B98B}.Release|Any CPU.ActiveCfg = Release|Any CPU
		{B018BB34-7199-4978-9F55-A6B3C521B98B}.Release|Any CPU.Build.0 = Release|Any CPU
		{772E109E-2726-4589-B96D-5DCFE8663A6E}.Debug|Any CPU.ActiveCfg = Debug|Any CPU
		{772E109E-2726-4589-B96D-5DCFE8663A6E}.Debug|Any CPU.Build.0 = Debug|Any CPU
		{772E109E-2726-4589-B96D-5DCFE8663A6E}.Release|Any CPU.ActiveCfg = Release|Any CPU
		{772E109E-2726-4589-B96D-5DCFE8663A6E}.Release|Any CPU.Build.0 = Release|Any CPU
		{87DAE670-7CB9-476E-A75B-70874093EBBE}.Debug|Any CPU.ActiveCfg = Debug|Any CPU
		{87DAE670-7CB9-476E-A75B-70874093EBBE}.Debug|Any CPU.Build.0 = Debug|Any CPU
		{87DAE670-7CB9-476E-A75B-70874093EBBE}.Release|Any CPU.ActiveCfg = Release|Any CPU
		{87DAE670-7CB9-476E-A75B-70874093EBBE}.Release|Any CPU.Build.0 = Release|Any CPU
		{2EE8BC26-B7D7-4E1E-9559-212ECFD0A430}.Debug|Any CPU.ActiveCfg = Debug|Any CPU
		{2EE8BC26-B7D7-4E1E-9559-212ECFD0A430}.Debug|Any CPU.Build.0 = Debug|Any CPU
		{2EE8BC26-B7D7-4E1E-9559-212ECFD0A430}.Release|Any CPU.ActiveCfg = Release|Any CPU
		{2EE8BC26-B7D7-4E1E-9559-212ECFD0A430}.Release|Any CPU.Build.0 = Release|Any CPU
		{3DD20767-08D3-4153-ADC1-E6BEB09D157D}.Debug|Any CPU.ActiveCfg = Debug|Any CPU
		{3DD20767-08D3-4153-ADC1-E6BEB09D157D}.Debug|Any CPU.Build.0 = Debug|Any CPU
		{3DD20767-08D3-4153-ADC1-E6BEB09D157D}.Release|Any CPU.ActiveCfg = Release|Any CPU
		{3DD20767-08D3-4153-ADC1-E6BEB09D157D}.Release|Any CPU.Build.0 = Release|Any CPU
		{B3851AE0-D8AA-4F82-A067-C27AE10C8818}.Debug|Any CPU.ActiveCfg = Debug|Any CPU
		{B3851AE0-D8AA-4F82-A067-C27AE10C8818}.Debug|Any CPU.Build.0 = Debug|Any CPU
		{B3851AE0-D8AA-4F82-A067-C27AE10C8818}.Release|Any CPU.ActiveCfg = Release|Any CPU
		{B3851AE0-D8AA-4F82-A067-C27AE10C8818}.Release|Any CPU.Build.0 = Release|Any CPU
	EndGlobalSection
	GlobalSection(SolutionProperties) = preSolution
		HideSolutionNode = FALSE
	EndGlobalSection
	GlobalSection(ExtensibilityGlobals) = postSolution
		SolutionGuid = {661931C3-E08C-4E14-9122-49E324956DF4}
	EndGlobalSection
EndGlobal
